
Microsoft Visual Studio Solution File, Format Version 12.00
Project("{FAE04EC0-301F-11D3-BF4B-00C04F79EFBC}") = "PunctualSolutionsCmd", "PunctualSolutionsCmd\PunctualSolutionsCmd.csproj", "{80053596-8D20-422F-ABF7-8AC7DCC0E66D}"
EndProject
Global
	GlobalSection(SolutionConfigurationPlatforms) = preSolution
		Debug|Any CPU = Debug|Any CPU
		Release|Any CPU = Release|Any CPU
	EndGlobalSection
	GlobalSection(ProjectConfigurationPlatforms) = postSolution
		{80053596-8D20-422F-ABF7-8AC7DCC0E66D}.Debug|Any CPU.ActiveCfg = Debug|Any CPU
		{80053596-8D20-422F-ABF7-8AC7DCC0E66D}.Debug|Any CPU.Build.0 = Debug|Any CPU
		{80053596-8D20-422F-ABF7-8AC7DCC0E66D}.Release|Any CPU.ActiveCfg = Release|Any CPU
		{80053596-8D20-422F-ABF7-8AC7DCC0E66D}.Release|Any CPU.Build.0 = Release|Any CPU
	EndGlobalSection
EndGlobal
